
Microsoft Visual Studio Solution File, Format Version 12.00
# Visual Studio Version 16
VisualStudioVersion = 16.0.32510.428
MinimumVisualStudioVersion = 10.0.40219.1
Project("{FAE04EC0-301F-11D3-BF4B-00C04F79EFBC}") = "53", "53\53.csproj", "{161D75C8-A43E-49FE-9684-FA3ADC39BC2E}"
EndProject
Global
	GlobalSection(SolutionConfigurationPlatforms) = preSolution
		Debug|Any CPU = Debug|Any CPU
		Release|Any CPU = Release|Any CPU
	EndGlobalSection
	GlobalSection(ProjectConfigurationPlatforms) = postSolution
		{161D75C8-A43E-49FE-9684-FA3ADC39BC2E}.Debug|Any CPU.ActiveCfg = Debug|Any CPU
		{161D75C8-A43E-49FE-9684-FA3ADC39BC2E}.Debug|Any CPU.Build.0 = Debug|Any CPU
		{161D75C8-A43E-49FE-9684-FA3ADC39BC2E}.Release|Any CPU.ActiveCfg = Release|Any CPU
		{161D75C8-A43E-49FE-9684-FA3ADC39BC2E}.Release|Any CPU.Build.0 = Release|Any CPU
	EndGlobalSection
	GlobalSection(SolutionProperties) = preSolution
		HideSolutionNode = FALSE
	EndGlobalSection
	GlobalSection(ExtensibilityGlobals) = postSolution
		SolutionGuid = {30BDA18E-4886-4B00-8C90-C317CB8F08C2}
	EndGlobalSection
EndGlobal
